
Microsoft Visual Studio Solution File, Format Version 12.00
# Visual Studio Version 17
VisualStudioVersion = 17.6.33723.286
MinimumVisualStudioVersion = 10.0.40219.1
Project("{FAE04EC0-301F-11D3-BF4B-00C04F79EFBC}") = "ConsoleApp3", "ConsoleApp3\ConsoleApp3.csproj", "{A42900CF-5FC6-4FAF-87AD-814EA5CA0F09}"
EndProject
Global
	GlobalSection(SolutionConfigurationPlatforms) = preSolution
		Debug|Any CPU = Debug|Any CPU
		Release|Any CPU = Release|Any CPU
	EndGlobalSection
	GlobalSection(ProjectConfigurationPlatforms) = postSolution
		{A42900CF-5FC6-4FAF-87AD-814EA5CA0F09}.Debug|Any CPU.ActiveCfg = Debug|Any CPU
		{A42900CF-5FC6-4FAF-87AD-814EA5CA0F09}.Debug|Any CPU.Build.0 = Debug|Any CPU
		{A42900CF-5FC6-4FAF-87AD-814EA5CA0F09}.Release|Any CPU.ActiveCfg = Release|Any CPU
		{A42900CF-5FC6-4FAF-87AD-814EA5CA0F09}.Release|Any CPU.Build.0 = Release|Any CPU
	EndGlobalSection
	GlobalSection(SolutionProperties) = preSolution
		HideSolutionNode = FALSE
	EndGlobalSection
	GlobalSection(ExtensibilityGlobals) = postSolution
		SolutionGuid = {37D03F00-3572-4B60-AA98-0A1DFE9AC428}
	EndGlobalSection
EndGlobal
